
Microsoft Visual Studio Solution File, Format Version 12.00
# Visual Studio Version 17
VisualStudioVersion = 17.10.35004.147
MinimumVisualStudioVersion = 10.0.40219.1
Project("{9A19103F-16F7-4668-BE54-9A1E7A4F7556}") = "PowerJob", "PowerJob\PowerJob.csproj", "{DC3DC634-811F-4D96-A344-5C5CACB5D7E3}"
EndProject
Project("{9A19103F-16F7-4668-BE54-9A1E7A4F7556}") = "PowerJob.Core", "PowerJob.Core\PowerJob.Core.csproj", "{2C0CA0F3-B2A4-4AB8-B500-71B67F29D177}"
EndProject
Project("{2150E333-8FDC-42A3-9474-1A3956D46DE8}") = "common", "common", "{04B64439-8D6D-408B-8611-F4C38EB376BE}"
EndProject
Project("{2150E333-8FDC-42A3-9474-1A3956D46DE8}") = "interop", "interop", "{8817A999-2863-47A0-9D9A-F1874E90F7FE}"
EndProject
Project("{8BC9CEB8-8B4A-11D0-8D11-00A0C91BC942}") = "PowerJob.interop", "PowerJob.interop\PowerJob.interop.vcxproj", "{4C8DE919-60C4-44B5-A197-9134B4545F0F}"
EndProject
Project("{2150E333-8FDC-42A3-9474-1A3956D46DE8}") = "version", "version", "{7A5FA9C6-0242-4A78-8983-AA7AA759749B}"
EndProject
Project("{8BC9CEB8-8B4A-11D0-8D11-00A0C91BC942}") = "Version", "Version\Version.vcxproj", "{D3B93F95-199D-4B52-BACF-8C80AB376D3F}"
EndProject
Project("{2150E333-8FDC-42A3-9474-1A3956D46DE8}") = "modules", "modules", "{65CC5C2C-7BF4-4D01-93EE-5F000D96236B}"
EndProject
Project("{2150E333-8FDC-42A3-9474-1A3956D46DE8}") = "Hosts", "Hosts", "{62427F86-F284-4B67-BB16-19594C880115}"
EndProject
Project("{9A19103F-16F7-4668-BE54-9A1E7A4F7556}") = "Hosts", "modules\Hosts\Hosts\Hosts.csproj", "{1E9BF110-DAB9-492D-837F-55EA2325B4CA}"
EndProject
Project("{9A19103F-16F7-4668-BE54-9A1E7A4F7556}") = "HostsUILib", "modules\Hosts\HostsUILib\HostsUILib.csproj", "{2FF52B0C-9A68-4200-8F1C-EBC5F1C3E611}"
EndProject
Project("{9A19103F-16F7-4668-BE54-9A1E7A4F7556}") = "ManagedCommon", "common\ManagedCommon\ManagedCommon.csproj", "{D8F81F28-17BE-4D8C-BB16-58A058DD1803}"
EndProject
Project("{2150E333-8FDC-42A3-9474-1A3956D46DE8}") = "settings-ui", "settings-ui", "{54B18A1D-5BE4-4319-9358-D8ED9046941A}"
EndProject
Project("{FAE04EC0-301F-11D3-BF4B-00C04F79EFBC}") = "Settings.UI.Library", "settings-ui\Settings.UI.Library\Settings.UI.Library.csproj", "{4A26A2AD-2050-4F92-9B35-47061EB02ACC}"
EndProject
Project("{FAE04EC0-301F-11D3-BF4B-00C04F79EFBC}") = "ManagedTelemetry", "common\ManagedTelemetry\ManagedTelemetry.csproj", "{192BF5DA-1944-4390-B8F4-9128D8E86F39}"
EndProject
Global
	GlobalSection(SolutionConfigurationPlatforms) = preSolution
		Debug|Any CPU = Debug|Any CPU
		Debug|ARM = Debug|ARM
		Debug|arm64 = Debug|arm64
		Debug|x64 = Debug|x64
		Debug|x86 = Debug|x86
		Release|Any CPU = Release|Any CPU
		Release|ARM = Release|ARM
		Release|arm64 = Release|arm64
		Release|x64 = Release|x64
		Release|x86 = Release|x86
	EndGlobalSection
	GlobalSection(ProjectConfigurationPlatforms) = postSolution
		{DC3DC634-811F-4D96-A344-5C5CACB5D7E3}.Debug|Any CPU.ActiveCfg = Debug|x64
		{DC3DC634-811F-4D96-A344-5C5CACB5D7E3}.Debug|Any CPU.Build.0 = Debug|x64
		{DC3DC634-811F-4D96-A344-5C5CACB5D7E3}.Debug|Any CPU.Deploy.0 = Debug|x64
		{DC3DC634-811F-4D96-A344-5C5CACB5D7E3}.Debug|ARM.ActiveCfg = Debug|x64
		{DC3DC634-811F-4D96-A344-5C5CACB5D7E3}.Debug|ARM.Build.0 = Debug|x64
		{DC3DC634-811F-4D96-A344-5C5CACB5D7E3}.Debug|ARM.Deploy.0 = Debug|x64
		{DC3DC634-811F-4D96-A344-5C5CACB5D7E3}.Debug|arm64.ActiveCfg = Debug|arm64
		{DC3DC634-811F-4D96-A344-5C5CACB5D7E3}.Debug|arm64.Build.0 = Debug|arm64
		{DC3DC634-811F-4D96-A344-5C5CACB5D7E3}.Debug|arm64.Deploy.0 = Debug|arm64
		{DC3DC634-811F-4D96-A344-5C5CACB5D7E3}.Debug|x64.ActiveCfg = Debug|x64
		{DC3DC634-811F-4D96-A344-5C5CACB5D7E3}.Debug|x64.Build.0 = Debug|x64
		{DC3DC634-811F-4D96-A344-5C5CACB5D7E3}.Debug|x64.Deploy.0 = Debug|x64
		{DC3DC634-811F-4D96-A344-5C5CACB5D7E3}.Debug|x86.ActiveCfg = Debug|x86
		{DC3DC634-811F-4D96-A344-5C5CACB5D7E3}.Debug|x86.Build.0 = Debug|x86
		{DC3DC634-811F-4D96-A344-5C5CACB5D7E3}.Release|Any CPU.ActiveCfg = Release|x64
		{DC3DC634-811F-4D96-A344-5C5CACB5D7E3}.Release|Any CPU.Build.0 = Release|x64
		{DC3DC634-811F-4D96-A344-5C5CACB5D7E3}.Release|Any CPU.Deploy.0 = Release|x64
		{DC3DC634-811F-4D96-A344-5C5CACB5D7E3}.Release|ARM.ActiveCfg = Release|x64
		{DC3DC634-811F-4D96-A344-5C5CACB5D7E3}.Release|ARM.Build.0 = Release|x64
		{DC3DC634-811F-4D96-A344-5C5CACB5D7E3}.Release|ARM.Deploy.0 = Release|x64
		{DC3DC634-811F-4D96-A344-5C5CACB5D7E3}.Release|arm64.ActiveCfg = Release|arm64
		{DC3DC634-811F-4D96-A344-5C5CACB5D7E3}.Release|arm64.Build.0 = Release|arm64
		{DC3DC634-811F-4D96-A344-5C5CACB5D7E3}.Release|arm64.Deploy.0 = Release|arm64
		{DC3DC634-811F-4D96-A344-5C5CACB5D7E3}.Release|x64.ActiveCfg = Release|x64
		{DC3DC634-811F-4D96-A344-5C5CACB5D7E3}.Release|x64.Build.0 = Release|x64
		{DC3DC634-811F-4D96-A344-5C5CACB5D7E3}.Release|x64.Deploy.0 = Release|x64
		{DC3DC634-811F-4D96-A344-5C5CACB5D7E3}.Release|x86.ActiveCfg = Release|x86
		{DC3DC634-811F-4D96-A344-5C5CACB5D7E3}.Release|x86.Build.0 = Release|x86
		{DC3DC634-811F-4D96-A344-5C5CACB5D7E3}.Release|x86.Deploy.0 = Release|x86
		{2C0CA0F3-B2A4-4AB8-B500-71B67F29D177}.Debug|Any CPU.ActiveCfg = Debug|Any CPU
		{2C0CA0F3-B2A4-4AB8-B500-71B67F29D177}.Debug|Any CPU.Build.0 = Debug|Any CPU
		{2C0CA0F3-B2A4-4AB8-B500-71B67F29D177}.Debug|ARM.ActiveCfg = Debug|Any CPU
		{2C0CA0F3-B2A4-4AB8-B500-71B67F29D177}.Debug|ARM.Build.0 = Debug|Any CPU
		{2C0CA0F3-B2A4-4AB8-B500-71B67F29D177}.Debug|arm64.ActiveCfg = Debug|arm64
		{2C0CA0F3-B2A4-4AB8-B500-71B67F29D177}.Debug|arm64.Build.0 = Debug|arm64
		{2C0CA0F3-B2A4-4AB8-B500-71B67F29D177}.Debug|x64.ActiveCfg = Debug|x64
		{2C0CA0F3-B2A4-4AB8-B500-71B67F29D177}.Debug|x64.Build.0 = Debug|x64
		{2C0CA0F3-B2A4-4AB8-B500-71B67F29D177}.Debug|x86.ActiveCfg = Debug|x86
		{2C0CA0F3-B2A4-4AB8-B500-71B67F29D177}.Debug|x86.Build.0 = Debug|x86
		{2C0CA0F3-B2A4-4AB8-B500-71B67F29D177}.Release|Any CPU.ActiveCfg = Release|Any CPU
		{2C0CA0F3-B2A4-4AB8-B500-71B67F29D177}.Release|Any CPU.Build.0 = Release|Any CPU
		{2C0CA0F3-B2A4-4AB8-B500-71B67F29D177}.Release|ARM.ActiveCfg = Release|Any CPU
		{2C0CA0F3-B2A4-4AB8-B500-71B67F29D177}.Release|ARM.Build.0 = Release|Any CPU
		{2C0CA0F3-B2A4-4AB8-B500-71B67F29D177}.Release|arm64.ActiveCfg = Release|arm64
		{2C0CA0F3-B2A4-4AB8-B500-71B67F29D177}.Release|arm64.Build.0 = Release|arm64
		{2C0CA0F3-B2A4-4AB8-B500-71B67F29D177}.Release|x64.ActiveCfg = Release|x64
		{2C0CA0F3-B2A4-4AB8-B500-71B67F29D177}.Release|x64.Build.0 = Release|x64
		{2C0CA0F3-B2A4-4AB8-B500-71B67F29D177}.Release|x86.ActiveCfg = Release|x86
		{2C0CA0F3-B2A4-4AB8-B500-71B67F29D177}.Release|x86.Build.0 = Release|x86
		{4C8DE919-60C4-44B5-A197-9134B4545F0F}.Debug|Any CPU.ActiveCfg = Debug|x64
		{4C8DE919-60C4-44B5-A197-9134B4545F0F}.Debug|Any CPU.Build.0 = Debug|x64
		{4C8DE919-60C4-44B5-A197-9134B4545F0F}.Debug|ARM.ActiveCfg = Debug|x64
		{4C8DE919-60C4-44B5-A197-9134B4545F0F}.Debug|ARM.Build.0 = Debug|x64
		{4C8DE919-60C4-44B5-A197-9134B4545F0F}.Debug|arm64.ActiveCfg = Debug|x64
		{4C8DE919-60C4-44B5-A197-9134B4545F0F}.Debug|arm64.Build.0 = Debug|x64
		{4C8DE919-60C4-44B5-A197-9134B4545F0F}.Debug|x64.ActiveCfg = Debug|x64
		{4C8DE919-60C4-44B5-A197-9134B4545F0F}.Debug|x64.Build.0 = Debug|x64
		{4C8DE919-60C4-44B5-A197-9134B4545F0F}.Debug|x86.ActiveCfg = Debug|Win32
		{4C8DE919-60C4-44B5-A197-9134B4545F0F}.Debug|x86.Build.0 = Debug|Win32
		{4C8DE919-60C4-44B5-A197-9134B4545F0F}.Release|Any CPU.ActiveCfg = Release|x64
		{4C8DE919-60C4-44B5-A197-9134B4545F0F}.Release|Any CPU.Build.0 = Release|x64
		{4C8DE919-60C4-44B5-A197-9134B4545F0F}.Release|ARM.ActiveCfg = Release|x64
		{4C8DE919-60C4-44B5-A197-9134B4545F0F}.Release|ARM.Build.0 = Release|x64
		{4C8DE919-60C4-44B5-A197-9134B4545F0F}.Release|arm64.ActiveCfg = Release|x64
		{4C8DE919-60C4-44B5-A197-9134B4545F0F}.Release|arm64.Build.0 = Release|x64
		{4C8DE919-60C4-44B5-A197-9134B4545F0F}.Release|x64.ActiveCfg = Release|x64
		{4C8DE919-60C4-44B5-A197-9134B4545F0F}.Release|x64.Build.0 = Release|x64
		{4C8DE919-60C4-44B5-A197-9134B4545F0F}.Release|x86.ActiveCfg = Release|Win32
		{4C8DE919-60C4-44B5-A197-9134B4545F0F}.Release|x86.Build.0 = Release|Win32
		{D3B93F95-199D-4B52-BACF-8C80AB376D3F}.Debug|Any CPU.ActiveCfg = Debug|x64
		{D3B93F95-199D-4B52-BACF-8C80AB376D3F}.Debug|Any CPU.Build.0 = Debug|x64
		{D3B93F95-199D-4B52-BACF-8C80AB376D3F}.Debug|ARM.ActiveCfg = Debug|x64
		{D3B93F95-199D-4B52-BACF-8C80AB376D3F}.Debug|ARM.Build.0 = Debug|x64
		{D3B93F95-199D-4B52-BACF-8C80AB376D3F}.Debug|arm64.ActiveCfg = Debug|x64
		{D3B93F95-199D-4B52-BACF-8C80AB376D3F}.Debug|arm64.Build.0 = Debug|x64
		{D3B93F95-199D-4B52-BACF-8C80AB376D3F}.Debug|x64.ActiveCfg = Debug|x64
		{D3B93F95-199D-4B52-BACF-8C80AB376D3F}.Debug|x64.Build.0 = Debug|x64
		{D3B93F95-199D-4B52-BACF-8C80AB376D3F}.Debug|x86.ActiveCfg = Debug|Win32
		{D3B93F95-199D-4B52-BACF-8C80AB376D3F}.Debug|x86.Build.0 = Debug|Win32
		{D3B93F95-199D-4B52-BACF-8C80AB376D3F}.Release|Any CPU.ActiveCfg = Release|x64
		{D3B93F95-199D-4B52-BACF-8C80AB376D3F}.Release|Any CPU.Build.0 = Release|x64
		{D3B93F95-199D-4B52-BACF-8C80AB376D3F}.Release|ARM.ActiveCfg = Release|x64
		{D3B93F95-199D-4B52-BACF-8C80AB376D3F}.Release|ARM.Build.0 = Release|x64
		{D3B93F95-199D-4B52-BACF-8C80AB376D3F}.Release|arm64.ActiveCfg = Release|x64
		{D3B93F95-199D-4B52-BACF-8C80AB376D3F}.Release|arm64.Build.0 = Release|x64
		{D3B93F95-199D-4B52-BACF-8C80AB376D3F}.Release|x64.ActiveCfg = Release|x64
		{D3B93F95-199D-4B52-BACF-8C80AB376D3F}.Release|x64.Build.0 = Release|x64
		{D3B93F95-199D-4B52-BACF-8C80AB376D3F}.Release|x86.ActiveCfg = Release|Win32
		{D3B93F95-199D-4B52-BACF-8C80AB376D3F}.Release|x86.Build.0 = Release|Win32
		{1E9BF110-DAB9-492D-837F-55EA2325B4CA}.Debug|Any CPU.ActiveCfg = Debug|x64
		{1E9BF110-DAB9-492D-837F-55EA2325B4CA}.Debug|Any CPU.Build.0 = Debug|x64
		{1E9BF110-DAB9-492D-837F-55EA2325B4CA}.Debug|Any CPU.Deploy.0 = Debug|x64
		{1E9BF110-DAB9-492D-837F-55EA2325B4CA}.Debug|ARM.ActiveCfg = Debug|x64
		{1E9BF110-DAB9-492D-837F-55EA2325B4CA}.Debug|ARM.Build.0 = Debug|x64
		{1E9BF110-DAB9-492D-837F-55EA2325B4CA}.Debug|ARM.Deploy.0 = Debug|x64
		{1E9BF110-DAB9-492D-837F-55EA2325B4CA}.Debug|arm64.ActiveCfg = Debug|ARM64
		{1E9BF110-DAB9-492D-837F-55EA2325B4CA}.Debug|arm64.Build.0 = Debug|ARM64
		{1E9BF110-DAB9-492D-837F-55EA2325B4CA}.Debug|arm64.Deploy.0 = Debug|ARM64
		{1E9BF110-DAB9-492D-837F-55EA2325B4CA}.Debug|x64.ActiveCfg = Debug|x64
		{1E9BF110-DAB9-492D-837F-55EA2325B4CA}.Debug|x64.Build.0 = Debug|x64
		{1E9BF110-DAB9-492D-837F-55EA2325B4CA}.Debug|x64.Deploy.0 = Debug|x64
		{1E9BF110-DAB9-492D-837F-55EA2325B4CA}.Debug|x86.ActiveCfg = Debug|x86
		{1E9BF110-DAB9-492D-837F-55EA2325B4CA}.Debug|x86.Build.0 = Debug|x86
		{1E9BF110-DAB9-492D-837F-55EA2325B4CA}.Debug|x86.Deploy.0 = Debug|x86
		{1E9BF110-DAB9-492D-837F-55EA2325B4CA}.Release|Any CPU.ActiveCfg = Release|x64
		{1E9BF110-DAB9-492D-837F-55EA2325B4CA}.Release|Any CPU.Build.0 = Release|x64
		{1E9BF110-DAB9-492D-837F-55EA2325B4CA}.Release|Any CPU.Deploy.0 = Release|x64
		{1E9BF110-DAB9-492D-837F-55EA2325B4CA}.Release|ARM.ActiveCfg = Release|x64
		{1E9BF110-DAB9-492D-837F-55EA2325B4CA}.Release|ARM.Build.0 = Release|x64
		{1E9BF110-DAB9-492D-837F-55EA2325B4CA}.Release|ARM.Deploy.0 = Release|x64
		{1E9BF110-DAB9-492D-837F-55EA2325B4CA}.Release|arm64.ActiveCfg = Release|ARM64
		{1E9BF110-DAB9-492D-837F-55EA2325B4CA}.Release|arm64.Build.0 = Release|ARM64
		{1E9BF110-DAB9-492D-837F-55EA2325B4CA}.Release|arm64.Deploy.0 = Release|ARM64
		{1E9BF110-DAB9-492D-837F-55EA2325B4CA}.Release|x64.ActiveCfg = Release|x64
		{1E9BF110-DAB9-492D-837F-55EA2325B4CA}.Release|x64.Build.0 = Release|x64
		{1E9BF110-DAB9-492D-837F-55EA2325B4CA}.Release|x64.Deploy.0 = Release|x64
		{1E9BF110-DAB9-492D-837F-55EA2325B4CA}.Release|x86.ActiveCfg = Release|x86
		{1E9BF110-DAB9-492D-837F-55EA2325B4CA}.Release|x86.Build.0 = Release|x86
		{1E9BF110-DAB9-492D-837F-55EA2325B4CA}.Release|x86.Deploy.0 = Release|x86
		{2FF52B0C-9A68-4200-8F1C-EBC5F1C3E611}.Debug|Any CPU.ActiveCfg = Debug|Any CPU
		{2FF52B0C-9A68-4200-8F1C-EBC5F1C3E611}.Debug|Any CPU.Build.0 = Debug|Any CPU
		{2FF52B0C-9A68-4200-8F1C-EBC5F1C3E611}.Debug|ARM.ActiveCfg = Debug|Any CPU
		{2FF52B0C-9A68-4200-8F1C-EBC5F1C3E611}.Debug|ARM.Build.0 = Debug|Any CPU
		{2FF52B0C-9A68-4200-8F1C-EBC5F1C3E611}.Debug|arm64.ActiveCfg = Debug|Any CPU
		{2FF52B0C-9A68-4200-8F1C-EBC5F1C3E611}.Debug|arm64.Build.0 = Debug|Any CPU
		{2FF52B0C-9A68-4200-8F1C-EBC5F1C3E611}.Debug|x64.ActiveCfg = Debug|Any CPU
		{2FF52B0C-9A68-4200-8F1C-EBC5F1C3E611}.Debug|x64.Build.0 = Debug|Any CPU
		{2FF52B0C-9A68-4200-8F1C-EBC5F1C3E611}.Debug|x86.ActiveCfg = Debug|Any CPU
		{2FF52B0C-9A68-4200-8F1C-EBC5F1C3E611}.Debug|x86.Build.0 = Debug|Any CPU
		{2FF52B0C-9A68-4200-8F1C-EBC5F1C3E611}.Release|Any CPU.ActiveCfg = Release|Any CPU
		{2FF52B0C-9A68-4200-8F1C-EBC5F1C3E611}.Release|Any CPU.Build.0 = Release|Any CPU
		{2FF52B0C-9A68-4200-8F1C-EBC5F1C3E611}.Release|ARM.ActiveCfg = Release|Any CPU
		{2FF52B0C-9A68-4200-8F1C-EBC5F1C3E611}.Release|ARM.Build.0 = Release|Any CPU
		{2FF52B0C-9A68-4200-8F1C-EBC5F1C3E611}.Release|arm64.ActiveCfg = Release|Any CPU
		{2FF52B0C-9A68-4200-8F1C-EBC5F1C3E611}.Release|arm64.Build.0 = Release|Any CPU
		{2FF52B0C-9A68-4200-8F1C-EBC5F1C3E611}.Release|x64.ActiveCfg = Release|Any CPU
		{2FF52B0C-9A68-4200-8F1C-EBC5F1C3E611}.Release|x64.Build.0 = Release|Any CPU
		{2FF52B0C-9A68-4200-8F1C-EBC5F1C3E611}.Release|x86.ActiveCfg = Release|Any CPU
		{2FF52B0C-9A68-4200-8F1C-EBC5F1C3E611}.Release|x86.Build.0 = Release|Any CPU
		{D8F81F28-17BE-4D8C-BB16-58A058DD1803}.Debug|Any CPU.ActiveCfg = Debug|Any CPU
		{D8F81F28-17BE-4D8C-BB16-58A058DD1803}.Debug|Any CPU.Build.0 = Debug|Any CPU
		{D8F81F28-17BE-4D8C-BB16-58A058DD1803}.Debug|ARM.ActiveCfg = Debug|Any CPU
		{D8F81F28-17BE-4D8C-BB16-58A058DD1803}.Debug|ARM.Build.0 = Debug|Any CPU
		{D8F81F28-17BE-4D8C-BB16-58A058DD1803}.Debug|arm64.ActiveCfg = Debug|Any CPU
		{D8F81F28-17BE-4D8C-BB16-58A058DD1803}.Debug|arm64.Build.0 = Debug|Any CPU
		{D8F81F28-17BE-4D8C-BB16-58A058DD1803}.Debug|x64.ActiveCfg = Debug|Any CPU
		{D8F81F28-17BE-4D8C-BB16-58A058DD1803}.Debug|x64.Build.0 = Debug|Any CPU
		{D8F81F28-17BE-4D8C-BB16-58A058DD1803}.Debug|x86.ActiveCfg = Debug|Any CPU
		{D8F81F28-17BE-4D8C-BB16-58A058DD1803}.Debug|x86.Build.0 = Debug|Any CPU
		{D8F81F28-17BE-4D8C-BB16-58A058DD1803}.Release|Any CPU.ActiveCfg = Release|Any CPU
		{D8F81F28-17BE-4D8C-BB16-58A058DD1803}.Release|Any CPU.Build.0 = Release|Any CPU
		{D8F81F28-17BE-4D8C-BB16-58A058DD1803}.Release|ARM.ActiveCfg = Release|Any CPU
		{D8F81F28-17BE-4D8C-BB16-58A058DD1803}.Release|ARM.Build.0 = Release|Any CPU
		{D8F81F28-17BE-4D8C-BB16-58A058DD1803}.Release|arm64.ActiveCfg = Release|Any CPU
		{D8F81F28-17BE-4D8C-BB16-58A058DD1803}.Release|arm64.Build.0 = Release|Any CPU
		{D8F81F28-17BE-4D8C-BB16-58A058DD1803}.Release|x64.ActiveCfg = Release|Any CPU
		{D8F81F28-17BE-4D8C-BB16-58A058DD1803}.Release|x64.Build.0 = Release|Any CPU
		{D8F81F28-17BE-4D8C-BB16-58A058DD1803}.Release|x86.ActiveCfg = Release|Any CPU
		{D8F81F28-17BE-4D8C-BB16-58A058DD1803}.Release|x86.Build.0 = Release|Any CPU
		{4A26A2AD-2050-4F92-9B35-47061EB02ACC}.Debug|Any CPU.ActiveCfg = Debug|Any CPU
		{4A26A2AD-2050-4F92-9B35-47061EB02ACC}.Debug|Any CPU.Build.0 = Debug|Any CPU
		{4A26A2AD-2050-4F92-9B35-47061EB02ACC}.Debug|ARM.ActiveCfg = Debug|Any CPU
		{4A26A2AD-2050-4F92-9B35-47061EB02ACC}.Debug|ARM.Build.0 = Debug|Any CPU
		{4A26A2AD-2050-4F92-9B35-47061EB02ACC}.Debug|arm64.ActiveCfg = Debug|Any CPU
		{4A26A2AD-2050-4F92-9B35-47061EB02ACC}.Debug|arm64.Build.0 = Debug|Any CPU
		{4A26A2AD-2050-4F92-9B35-47061EB02ACC}.Debug|x64.ActiveCfg = Debug|Any CPU
		{4A26A2AD-2050-4F92-9B35-47061EB02ACC}.Debug|x64.Build.0 = Debug|Any CPU
		{4A26A2AD-2050-4F92-9B35-47061EB02ACC}.Debug|x86.ActiveCfg = Debug|Any CPU
		{4A26A2AD-2050-4F92-9B35-47061EB02ACC}.Debug|x86.Build.0 = Debug|Any CPU
		{4A26A2AD-2050-4F92-9B35-47061EB02ACC}.Release|Any CPU.ActiveCfg = Release|Any CPU
		{4A26A2AD-2050-4F92-9B35-47061EB02ACC}.Release|Any CPU.Build.0 = Release|Any CPU
		{4A26A2AD-2050-4F92-9B35-47061EB02ACC}.Release|ARM.ActiveCfg = Release|Any CPU
		{4A26A2AD-2050-4F92-9B35-47061EB02ACC}.Release|ARM.Build.0 = Release|Any CPU
		{4A26A2AD-2050-4F92-9B35-47061EB02ACC}.Release|arm64.ActiveCfg = Release|Any CPU
		{4A26A2AD-2050-4F92-9B35-47061EB02ACC}.Release|arm64.Build.0 = Release|Any CPU
		{4A26A2AD-2050-4F92-9B35-47061EB02ACC}.Release|x64.ActiveCfg = Release|Any CPU
		{4A26A2AD-2050-4F92-9B35-47061EB02ACC}.Release|x64.Build.0 = Release|Any CPU
		{4A26A2AD-2050-4F92-9B35-47061EB02ACC}.Release|x86.ActiveCfg = Release|Any CPU
		{4A26A2AD-2050-4F92-9B35-47061EB02ACC}.Release|x86.Build.0 = Release|Any CPU
		{192BF5DA-1944-4390-B8F4-9128D8E86F39}.Debug|Any CPU.ActiveCfg = Debug|Any CPU
		{192BF5DA-1944-4390-B8F4-9128D8E86F39}.Debug|Any CPU.Build.0 = Debug|Any CPU
		{192BF5DA-1944-4390-B8F4-9128D8E86F39}.Debug|ARM.ActiveCfg = Debug|Any CPU
		{192BF5DA-1944-4390-B8F4-9128D8E86F39}.Debug|ARM.Build.0 = Debug|Any CPU
		{192BF5DA-1944-4390-B8F4-9128D8E86F39}.Debug|arm64.ActiveCfg = Debug|Any CPU
		{192BF5DA-1944-4390-B8F4-9128D8E86F39}.Debug|arm64.Build.0 = Debug|Any CPU
		{192BF5DA-1944-4390-B8F4-9128D8E86F39}.Debug|x64.ActiveCfg = Debug|Any CPU
		{192BF5DA-1944-4390-B8F4-9128D8E86F39}.Debug|x64.Build.0 = Debug|Any CPU
		{192BF5DA-1944-4390-B8F4-9128D8E86F39}.Debug|x86.ActiveCfg = Debug|Any CPU
		{192BF5DA-1944-4390-B8F4-9128D8E86F39}.Debug|x86.Build.0 = Debug|Any CPU
		{192BF5DA-1944-4390-B8F4-9128D8E86F39}.Release|Any CPU.ActiveCfg = Release|Any CPU
		{192BF5DA-1944-4390-B8F4-9128D8E86F39}.Release|Any CPU.Build.0 = Release|Any CPU
		{192BF5DA-1944-4390-B8F4-9128D8E86F39}.Release|ARM.ActiveCfg = Release|Any CPU
		{192BF5DA-1944-4390-B8F4-9128D8E86F39}.Release|ARM.Build.0 = Release|Any CPU
		{192BF5DA-1944-4390-B8F4-9128D8E86F39}.Release|arm64.ActiveCfg = Release|Any CPU
		{192BF5DA-1944-4390-B8F4-9128D8E86F39}.Release|arm64.Build.0 = Release|Any CPU
		{192BF5DA-1944-4390-B8F4-9128D8E86F39}.Release|x64.ActiveCfg = Release|Any CPU
		{192BF5DA-1944-4390-B8F4-9128D8E86F39}.Release|x64.Build.0 = Release|Any CPU
		{192BF5DA-1944-4390-B8F4-9128D8E86F39}.Release|x86.ActiveCfg = Release|Any CPU
		{192BF5DA-1944-4390-B8F4-9128D8E86F39}.Release|x86.Build.0 = Release|Any CPU
	EndGlobalSection
	GlobalSection(SolutionProperties) = preSolution
		HideSolutionNode = FALSE
	EndGlobalSection
	GlobalSection(NestedProjects) = preSolution
		{8817A999-2863-47A0-9D9A-F1874E90F7FE} = {04B64439-8D6D-408B-8611-F4C38EB376BE}
		{4C8DE919-60C4-44B5-A197-9134B4545F0F} = {8817A999-2863-47A0-9D9A-F1874E90F7FE}
		{7A5FA9C6-0242-4A78-8983-AA7AA759749B} = {04B64439-8D6D-408B-8611-F4C38EB376BE}
		{D3B93F95-199D-4B52-BACF-8C80AB376D3F} = {7A5FA9C6-0242-4A78-8983-AA7AA759749B}
		{62427F86-F284-4B67-BB16-19594C880115} = {65CC5C2C-7BF4-4D01-93EE-5F000D96236B}
		{1E9BF110-DAB9-492D-837F-55EA2325B4CA} = {62427F86-F284-4B67-BB16-19594C880115}
		{2FF52B0C-9A68-4200-8F1C-EBC5F1C3E611} = {62427F86-F284-4B67-BB16-19594C880115}
		{D8F81F28-17BE-4D8C-BB16-58A058DD1803} = {04B64439-8D6D-408B-8611-F4C38EB376BE}
		{4A26A2AD-2050-4F92-9B35-47061EB02ACC} = {54B18A1D-5BE4-4319-9358-D8ED9046941A}
		{192BF5DA-1944-4390-B8F4-9128D8E86F39} = {04B64439-8D6D-408B-8611-F4C38EB376BE}
	EndGlobalSection
	GlobalSection(ExtensibilityGlobals) = postSolution
		SolutionGuid = {2D5F12A8-078E-4244-88B6-F4B3B4155A40}
	EndGlobalSection
EndGlobal
